
Microsoft Visual Studio Solution File, Format Version 12.00
# Visual Studio Version 17
VisualStudioVersion = 17.11.35222.181
MinimumVisualStudioVersion = 10.0.40219.1
Project("{9A19103F-16F7-4668-BE54-9A1E7A4F7556}") = "PureFix.ConsoleApp", "PureFix.App\PureFix.ConsoleApp.csproj", "{F9BEB63D-5DBE-4378-8D10-97455C7E6470}"
EndProject
Project("{9A19103F-16F7-4668-BE54-9A1E7A4F7556}") = "PureFix.Dictionary", "PureFix.Dictionary\PureFix.Dictionary.csproj", "{9306C5A2-A2AE-4ABD-BA01-1FFCCF34CEA0}"
EndProject
Project("{9A19103F-16F7-4668-BE54-9A1E7A4F7556}") = "PureFix.Data", "Data\PureFix.Data.csproj", "{6D5120AF-A024-4FDA-AFD7-18E62E184CF6}"
EndProject
Project("{9A19103F-16F7-4668-BE54-9A1E7A4F7556}") = "PureFix.Buffer", "PureFix.Buffer\PureFix.Buffer.csproj", "{03F75A48-5262-410F-90C7-947593DF7C30}"
EndProject
Project("{9A19103F-16F7-4668-BE54-9A1E7A4F7556}") = "PureFix.Types", "PureFix.Types\PureFix.Types.csproj", "{8F781A69-A1B9-42BE-A1B1-E19C857FB97D}"
EndProject
Project("{9A19103F-16F7-4668-BE54-9A1E7A4F7556}") = "PureFix.Transport", "PureFix.Transport\PureFix.Transport.csproj", "{31FC87E6-1255-4624-837A-D01484E48105}"
EndProject
Project("{9A19103F-16F7-4668-BE54-9A1E7A4F7556}") = "PureFix.Benchmarks", "PureFix.Benchmarks\PureFix.Benchmarks.csproj", "{DE6BF0E3-D857-4490-937A-5994B356913E}"
EndProject
Project("{9A19103F-16F7-4668-BE54-9A1E7A4F7556}") = "PureFix.MessageStore", "PureFix.MessageStore\PureFix.MessageStore.csproj", "{85F9276B-3041-44FB-B739-E08557DB8884}"
EndProject
Project("{FAE04EC0-301F-11D3-BF4B-00C04F79EFBC}") = "PureFix.LogMessageParser", "PureFix.LogMessageParser\PureFix.LogMessageParser.csproj", "{DD2C81B1-540C-44D8-A7D7-1B90277A8C37}"
EndProject
Project("{FAE04EC0-301F-11D3-BF4B-00C04F79EFBC}") = "SeeFixServer", "SeeFixServer\SeeFixServer.csproj", "{1671E15B-DC96-4403-A940-01FC60EE51C9}"
EndProject
Project("{FAE04EC0-301F-11D3-BF4B-00C04F79EFBC}") = "PureFix.Types.Core", "PureFix.Types.Core\PureFix.Types.Core.csproj", "{0FACE646-23CD-4A66-8CC4-8A5C707D6B31}"
EndProject
Project("{FAE04EC0-301F-11D3-BF4B-00C04F79EFBC}") = "PureFix.Test.ModularTypes", "PureFix.Test.ModularTypes\PureFix.Test.ModularTypes.csproj", "{4030D6A0-CDA0-41E5-8646-1B8EAF612723}"
EndProject
Project("{2150E333-8FDC-42A3-9474-1A3956D46DE8}") = "generated-types", "generated-types", "{3D71C123-DCF9-405D-9ED9-676A99258DB2}"
EndProject
Project("{FAE04EC0-301F-11D3-BF4B-00C04F79EFBC}") = "PureFix.Types.FIX44UnitTest", "generated-types\PureFix.Types.FIX44UnitTest\PureFix.Types.FIX44UnitTest.csproj", "{E8F78938-E434-4C8F-A091-0017BB794DC5}"
EndProject
Project("{FAE04EC0-301F-11D3-BF4B-00C04F79EFBC}") = "PureFix.Types.FIX44", "generated-types\PureFix.Types.FIX44\PureFix.Types.FIX44.csproj", "{5D64E2CD-47D4-4111-B753-C7BA96DE9389}"
EndProject
Project("{2150E333-8FDC-42A3-9474-1A3956D46DE8}") = "Examples", "Examples", "{68D6DF7F-7CCD-479C-A8CE-76B2C2C0E08E}"
EndProject
Project("{FAE04EC0-301F-11D3-BF4B-00C04F79EFBC}") = "PureFix.Examples.Skeleton", "Examples\PureFix.Examples.Skeleton\PureFix.Examples.Skeleton.csproj", "{EEC97B58-35C4-4763-8110-AB1F7156B660}"
EndProject
Project("{FAE04EC0-301F-11D3-BF4B-00C04F79EFBC}") = "PureFix.Examples.TradeCapture", "Examples\PureFix.Examples.TradeCapture\PureFix.Examples.TradeCapture.csproj", "{C07AB04F-1FF2-4118-AC88-F84D6B317862}"
EndProject
Project("{FAE04EC0-301F-11D3-BF4B-00C04F79EFBC}") = "PureFix.Examples.Shared", "Examples\PureFix.Examples.Shared\PureFix.Examples.Shared.csproj", "{80CF8BC4-24DC-4552-B6E9-CBDE271066A9}"
EndProject
Project("{FAE04EC0-301F-11D3-BF4B-00C04F79EFBC}") = "PureFix.Types.FIX50SP2", "generated-types\PureFix.Types.FIX50SP2\PureFix.Types.FIX50SP2.csproj", "{CE1F747E-C994-4415-AC75-54FF5A26C59C}"
EndProject
Global
	GlobalSection(SolutionConfigurationPlatforms) = preSolution
		Debug|Any CPU = Debug|Any CPU
		Release|Any CPU = Release|Any CPU
	EndGlobalSection
	GlobalSection(ProjectConfigurationPlatforms) = postSolution
		{F9BEB63D-5DBE-4378-8D10-97455C7E6470}.Debug|Any CPU.ActiveCfg = Debug|Any CPU
		{F9BEB63D-5DBE-4378-8D10-97455C7E6470}.Debug|Any CPU.Build.0 = Debug|Any CPU
		{F9BEB63D-5DBE-4378-8D10-97455C7E6470}.Release|Any CPU.ActiveCfg = Release|Any CPU
		{F9BEB63D-5DBE-4378-8D10-97455C7E6470}.Release|Any CPU.Build.0 = Release|Any CPU
		{9306C5A2-A2AE-4ABD-BA01-1FFCCF34CEA0}.Debug|Any CPU.ActiveCfg = Debug|Any CPU
		{9306C5A2-A2AE-4ABD-BA01-1FFCCF34CEA0}.Debug|Any CPU.Build.0 = Debug|Any CPU
		{9306C5A2-A2AE-4ABD-BA01-1FFCCF34CEA0}.Release|Any CPU.ActiveCfg = Release|Any CPU
		{9306C5A2-A2AE-4ABD-BA01-1FFCCF34CEA0}.Release|Any CPU.Build.0 = Release|Any CPU
		{6D5120AF-A024-4FDA-AFD7-18E62E184CF6}.Debug|Any CPU.ActiveCfg = Debug|Any CPU
		{6D5120AF-A024-4FDA-AFD7-18E62E184CF6}.Debug|Any CPU.Build.0 = Debug|Any CPU
		{6D5120AF-A024-4FDA-AFD7-18E62E184CF6}.Release|Any CPU.ActiveCfg = Release|Any CPU
		{6D5120AF-A024-4FDA-AFD7-18E62E184CF6}.Release|Any CPU.Build.0 = Release|Any CPU
		{03F75A48-5262-410F-90C7-947593DF7C30}.Debug|Any CPU.ActiveCfg = Debug|Any CPU
		{03F75A48-5262-410F-90C7-947593DF7C30}.Debug|Any CPU.Build.0 = Debug|Any CPU
		{03F75A48-5262-410F-90C7-947593DF7C30}.Release|Any CPU.ActiveCfg = Release|Any CPU
		{03F75A48-5262-410F-90C7-947593DF7C30}.Release|Any CPU.Build.0 = Release|Any CPU
		{8F781A69-A1B9-42BE-A1B1-E19C857FB97D}.Debug|Any CPU.ActiveCfg = Debug|Any CPU
		{8F781A69-A1B9-42BE-A1B1-E19C857FB97D}.Debug|Any CPU.Build.0 = Debug|Any CPU
		{8F781A69-A1B9-42BE-A1B1-E19C857FB97D}.Release|Any CPU.ActiveCfg = Release|Any CPU
		{8F781A69-A1B9-42BE-A1B1-E19C857FB97D}.Release|Any CPU.Build.0 = Release|Any CPU
		{31FC87E6-1255-4624-837A-D01484E48105}.Debug|Any CPU.ActiveCfg = Debug|Any CPU
		{31FC87E6-1255-4624-837A-D01484E48105}.Debug|Any CPU.Build.0 = Debug|Any CPU
		{31FC87E6-1255-4624-837A-D01484E48105}.Release|Any CPU.ActiveCfg = Release|Any CPU
		{31FC87E6-1255-4624-837A-D01484E48105}.Release|Any CPU.Build.0 = Release|Any CPU
		{DE6BF0E3-D857-4490-937A-5994B356913E}.Debug|Any CPU.ActiveCfg = Debug|Any CPU
		{DE6BF0E3-D857-4490-937A-5994B356913E}.Debug|Any CPU.Build.0 = Debug|Any CPU
		{DE6BF0E3-D857-4490-937A-5994B356913E}.Release|Any CPU.ActiveCfg = Release|Any CPU
		{DE6BF0E3-D857-4490-937A-5994B356913E}.Release|Any CPU.Build.0 = Release|Any CPU
		{85F9276B-3041-44FB-B739-E08557DB8884}.Debug|Any CPU.ActiveCfg = Debug|Any CPU
		{85F9276B-3041-44FB-B739-E08557DB8884}.Debug|Any CPU.Build.0 = Debug|Any CPU
		{85F9276B-3041-44FB-B739-E08557DB8884}.Release|Any CPU.ActiveCfg = Release|Any CPU
		{85F9276B-3041-44FB-B739-E08557DB8884}.Release|Any CPU.Build.0 = Release|Any CPU
		{DD2C81B1-540C-44D8-A7D7-1B90277A8C37}.Debug|Any CPU.ActiveCfg = Debug|Any CPU
		{DD2C81B1-540C-44D8-A7D7-1B90277A8C37}.Debug|Any CPU.Build.0 = Debug|Any CPU
		{DD2C81B1-540C-44D8-A7D7-1B90277A8C37}.Release|Any CPU.ActiveCfg = Release|Any CPU
		{DD2C81B1-540C-44D8-A7D7-1B90277A8C37}.Release|Any CPU.Build.0 = Release|Any CPU
		{1671E15B-DC96-4403-A940-01FC60EE51C9}.Debug|Any CPU.ActiveCfg = Debug|Any CPU
		{1671E15B-DC96-4403-A940-01FC60EE51C9}.Debug|Any CPU.Build.0 = Debug|Any CPU
		{1671E15B-DC96-4403-A940-01FC60EE51C9}.Release|Any CPU.ActiveCfg = Release|Any CPU
		{1671E15B-DC96-4403-A940-01FC60EE51C9}.Release|Any CPU.Build.0 = Release|Any CPU
		{0FACE646-23CD-4A66-8CC4-8A5C707D6B31}.Debug|Any CPU.ActiveCfg = Debug|Any CPU
		{0FACE646-23CD-4A66-8CC4-8A5C707D6B31}.Debug|Any CPU.Build.0 = Debug|Any CPU
		{0FACE646-23CD-4A66-8CC4-8A5C707D6B31}.Release|Any CPU.ActiveCfg = Release|Any CPU
		{0FACE646-23CD-4A66-8CC4-8A5C707D6B31}.Release|Any CPU.Build.0 = Release|Any CPU
		{4030D6A0-CDA0-41E5-8646-1B8EAF612723}.Debug|Any CPU.ActiveCfg = Debug|Any CPU
		{4030D6A0-CDA0-41E5-8646-1B8EAF612723}.Debug|Any CPU.Build.0 = Debug|Any CPU
		{4030D6A0-CDA0-41E5-8646-1B8EAF612723}.Release|Any CPU.ActiveCfg = Release|Any CPU
		{4030D6A0-CDA0-41E5-8646-1B8EAF612723}.Release|Any CPU.Build.0 = Release|Any CPU
		{E8F78938-E434-4C8F-A091-0017BB794DC5}.Debug|Any CPU.ActiveCfg = Debug|Any CPU
		{E8F78938-E434-4C8F-A091-0017BB794DC5}.Debug|Any CPU.Build.0 = Debug|Any CPU
		{E8F78938-E434-4C8F-A091-0017BB794DC5}.Release|Any CPU.ActiveCfg = Release|Any CPU
		{E8F78938-E434-4C8F-A091-0017BB794DC5}.Release|Any CPU.Build.0 = Release|Any CPU
		{5D64E2CD-47D4-4111-B753-C7BA96DE9389}.Debug|Any CPU.ActiveCfg = Debug|Any CPU
		{5D64E2CD-47D4-4111-B753-C7BA96DE9389}.Debug|Any CPU.Build.0 = Debug|Any CPU
		{5D64E2CD-47D4-4111-B753-C7BA96DE9389}.Release|Any CPU.ActiveCfg = Release|Any CPU
		{5D64E2CD-47D4-4111-B753-C7BA96DE9389}.Release|Any CPU.Build.0 = Release|Any CPU
		{EEC97B58-35C4-4763-8110-AB1F7156B660}.Debug|Any CPU.ActiveCfg = Debug|Any CPU
		{EEC97B58-35C4-4763-8110-AB1F7156B660}.Debug|Any CPU.Build.0 = Debug|Any CPU
		{EEC97B58-35C4-4763-8110-AB1F7156B660}.Release|Any CPU.ActiveCfg = Release|Any CPU
		{EEC97B58-35C4-4763-8110-AB1F7156B660}.Release|Any CPU.Build.0 = Release|Any CPU
		{C07AB04F-1FF2-4118-AC88-F84D6B317862}.Debug|Any CPU.ActiveCfg = Debug|Any CPU
		{C07AB04F-1FF2-4118-AC88-F84D6B317862}.Debug|Any CPU.Build.0 = Debug|Any CPU
		{C07AB04F-1FF2-4118-AC88-F84D6B317862}.Release|Any CPU.ActiveCfg = Release|Any CPU
		{C07AB04F-1FF2-4118-AC88-F84D6B317862}.Release|Any CPU.Build.0 = Release|Any CPU
		{80CF8BC4-24DC-4552-B6E9-CBDE271066A9}.Debug|Any CPU.ActiveCfg = Debug|Any CPU
		{80CF8BC4-24DC-4552-B6E9-CBDE271066A9}.Debug|Any CPU.Build.0 = Debug|Any CPU
		{80CF8BC4-24DC-4552-B6E9-CBDE271066A9}.Release|Any CPU.ActiveCfg = Release|Any CPU
		{80CF8BC4-24DC-4552-B6E9-CBDE271066A9}.Release|Any CPU.Build.0 = Release|Any CPU
		{CE1F747E-C994-4415-AC75-54FF5A26C59C}.Debug|Any CPU.ActiveCfg = Debug|Any CPU
		{CE1F747E-C994-4415-AC75-54FF5A26C59C}.Debug|Any CPU.Build.0 = Debug|Any CPU
		{CE1F747E-C994-4415-AC75-54FF5A26C59C}.Release|Any CPU.ActiveCfg = Release|Any CPU
		{CE1F747E-C994-4415-AC75-54FF5A26C59C}.Release|Any CPU.Build.0 = Release|Any CPU
	EndGlobalSection
	GlobalSection(SolutionProperties) = preSolution
		HideSolutionNode = FALSE
	EndGlobalSection
	GlobalSection(ExtensibilityGlobals) = postSolution
		SolutionGuid = {98AF8022-AC94-4668-BAEE-B9335462D3C3}
	EndGlobalSection
	GlobalSection(NestedProjects) = preSolution
		{E8F78938-E434-4C8F-A091-0017BB794DC5} = {3D71C123-DCF9-405D-9ED9-676A99258DB2}
		{5D64E2CD-47D4-4111-B753-C7BA96DE9389} = {3D71C123-DCF9-405D-9ED9-676A99258DB2}
		{EEC97B58-35C4-4763-8110-AB1F7156B660} = {68D6DF7F-7CCD-479C-A8CE-76B2C2C0E08E}
		{C07AB04F-1FF2-4118-AC88-F84D6B317862} = {68D6DF7F-7CCD-479C-A8CE-76B2C2C0E08E}
		{80CF8BC4-24DC-4552-B6E9-CBDE271066A9} = {68D6DF7F-7CCD-479C-A8CE-76B2C2C0E08E}
		{CE1F747E-C994-4415-AC75-54FF5A26C59C} = {3D71C123-DCF9-405D-9ED9-676A99258DB2}
	EndGlobalSection
EndGlobal
